
Microsoft Visual Studio Solution File, Format Version 12.00
# Visual Studio Version 16
VisualStudioVersion = 16.0.30907.101
MinimumVisualStudioVersion = 10.0.40219.1
Project("{FAE04EC0-301F-11D3-BF4B-00C04F79EFBC}") = "Lab 4", "Lab 4\Lab 4.csproj", "{B1C80D43-EB49-4FED-A45E-C9D6CC66D01A}"
EndProject
Global
	GlobalSection(SolutionConfigurationPlatforms) = preSolution
		Debug|Any CPU = Debug|Any CPU
		Release|Any CPU = Release|Any CPU
	EndGlobalSection
	GlobalSection(ProjectConfigurationPlatforms) = postSolution
		{B1C80D43-EB49-4FED-A45E-C9D6CC66D01A}.Debug|Any CPU.ActiveCfg = Debug|Any CPU
		{B1C80D43-EB49-4FED-A45E-C9D6CC66D01A}.Debug|Any CPU.Build.0 = Debug|Any CPU
		{B1C80D43-EB49-4FED-A45E-C9D6CC66D01A}.Release|Any CPU.ActiveCfg = Release|Any CPU
		{B1C80D43-EB49-4FED-A45E-C9D6CC66D01A}.Release|Any CPU.Build.0 = Release|Any CPU
	EndGlobalSection
	GlobalSection(SolutionProperties) = preSolution
		HideSolutionNode = FALSE
	EndGlobalSection
	GlobalSection(ExtensibilityGlobals) = postSolution
		SolutionGuid = {D3C9E50B-63A2-4C53-8E42-A4951915FB9A}
	EndGlobalSection
EndGlobal
